// !$*UTF8*$!
{
	archiveVersion = 1;
	classes = {
	};
	objectVersion = 55;
	objects = {

/* Begin PBXBuildFile section */
		3DE51C852854B5B0004A1384 /* AppDelegate.swift in Sources */ = {isa = PBXBuildFile; fileRef = 3DE51C842854B5B0004A1384 /* AppDelegate.swift */; };
		3DE51C872854B5B0004A1384 /* SceneDelegate.swift in Sources */ = {isa = PBXBuildFile; fileRef = 3DE51C862854B5B0004A1384 /* SceneDelegate.swift */; };
		3DE51C892854B5B0004A1384 /* ViewController.swift in Sources */ = {isa = PBXBuildFile; fileRef = 3DE51C882854B5B0004A1384 /* ViewController.swift */; };
		3DE51C8C2854B5B0004A1384 /* Main.storyboard in Resources */ = {isa = PBXBuildFile; fileRef = 3DE51C8A2854B5B0004A1384 /* Main.storyboard */; };
		3DE51C8E2854B5B4004A1384 /* Assets.xcassets in Resources */ = {isa = PBXBuildFile; fileRef = 3DE51C8D2854B5B4004A1384 /* Assets.xcassets */; };
		3DE51C912854B5B4004A1384 /* LaunchScreen.storyboard in Resources */ = {isa = PBXBuildFile; fileRef = 3DE51C8F2854B5B4004A1384 /* LaunchScreen.storyboard */; };
		3DE51C9C2854B5B5004A1384 /* LoginWithFirebaseAppTests.swift in Sources */ = {isa = PBXBuildFile; fileRef = 3DE51C9B2854B5B5004A1384 /* LoginWithFirebaseAppTests.swift */; };
		3DE51CA62854B5B5004A1384 /* LoginWithFirebaseAppUITests.swift in Sources */ = {isa = PBXBuildFile; fileRef = 3DE51CA52854B5B5004A1384 /* LoginWithFirebaseAppUITests.swift */; };
		3DE51CA82854B5B5004A1384 /* LoginWithFirebaseAppUITestsLaunchTests.swift in Sources */ = {isa = PBXBuildFile; fileRef = 3DE51CA72854B5B5004A1384 /* LoginWithFirebaseAppUITestsLaunchTests.swift */; };
		3DE51CB52854C746004A1384 /* UIColor-Extention.swift in Sources */ = {isa = PBXBuildFile; fileRef = 3DE51CB42854C746004A1384 /* UIColor-Extention.swift */; };
/* End PBXBuildFile section */

/* Begin PBXContainerItemProxy section */
		3DE51C982854B5B4004A1384 /* PBXContainerItemProxy */ = {
			isa = PBXContainerItemProxy;
			containerPortal = 3DE51C792854B5B0004A1384 /* Project object */;
			proxyType = 1;
			remoteGlobalIDString = 3DE51C802854B5B0004A1384;
			remoteInfo = LoginWithFirebaseApp;
		};
		3DE51CA22854B5B5004A1384 /* PBXContainerItemProxy */ = {
			isa = PBXContainerItemProxy;
			containerPortal = 3DE51C792854B5B0004A1384 /* Project object */;
			proxyType = 1;
			remoteGlobalIDString = 3DE51C802854B5B0004A1384;
			remoteInfo = LoginWithFirebaseApp;
		};
/* End PBXContainerItemProxy section */

/* Begin PBXFileReference section */
		3DE51C812854B5B0004A1384 /* LoginWithFirebaseApp.app */ = {isa = PBXFileReference; explicitFileType = wrapper.application; includeInIndex = 0; path = LoginWithFirebaseApp.app; sourceTree = BUILT_PRODUCTS_DIR; };
		3DE51C842854B5B0004A1384 /* AppDelegate.swift */ = {isa = PBXFileReference; lastKnownFileType = sourcecode.swift; path = AppDelegate.swift; sourceTree = "<group>"; };
		3DE51C862854B5B0004A1384 /* SceneDelegate.swift */ = {isa = PBXFileReference; lastKnownFileType = sourcecode.swift; path = SceneDelegate.swift; sourceTree = "<group>"; };
		3DE51C882854B5B0004A1384 /* ViewController.swift */ = {isa = PBXFileReference; lastKnownFileType = sourcecode.swift; path = ViewController.swift; sourceTree = "<group>"; };
		3DE51C8B2854B5B0004A1384 /* Base */ = {isa = PBXFileReference; lastKnownFileType = file.storyboard; name = Base; path = Base.lproj/Main.storyboard; sourceTree = "<group>"; };
		3DE51C8D2854B5B4004A1384 /* Assets.xcassets */ = {isa = PBXFileReference; lastKnownFileType = folder.assetcatalog; path = Assets.xcassets; sourceTree = "<group>"; };
		3DE51C902854B5B4004A1384 /* Base */ = {isa = PBXFileReference; lastKnownFileType = file.storyboard; name = Base; path = Base.lproj/LaunchScreen.storyboard; sourceTree = "<group>"; };
		3DE51C922854B5B4004A1384 /* Info.plist */ = {isa = PBXFileReference; lastKnownFileType = text.plist.xml; path = Info.plist; sourceTree = "<group>"; };
		3DE51C972854B5B4004A1384 /* LoginWithFirebaseAppTests.xctest */ = {isa = PBXFileReference; explicitFileType = wrapper.cfbundle; includeInIndex = 0; path = LoginWithFirebaseAppTests.xctest; sourceTree = BUILT_PRODUCTS_DIR; };
		3DE51C9B2854B5B5004A1384 /* LoginWithFirebaseAppTests.swift */ = {isa = PBXFileReference; lastKnownFileType = sourcecode.swift; path = LoginWithFirebaseAppTests.swift; sourceTree = "<group>"; };
		3DE51CA12854B5B5004A1384 /* LoginWithFirebaseAppUITests.xctest */ = {isa = PBXFileReference; explicitFileType = wrapper.cfbundle; includeInIndex = 0; path = LoginWithFirebaseAppUITests.xctest; sourceTree = BUILT_PRODUCTS_DIR; };
		3DE51CA52854B5B5004A1384 /* LoginWithFirebaseAppUITests.swift */ = {isa = PBXFileReference; lastKnownFileType = sourcecode.swift; path = LoginWithFirebaseAppUITests.swift; sourceTree = "<group>"; };
		3DE51CA72854B5B5004A1384 /* LoginWithFirebaseAppUITestsLaunchTests.swift */ = {isa = PBXFileReference; lastKnownFileType = sourcecode.swift; path = LoginWithFirebaseAppUITestsLaunchTests.swift; sourceTree = "<group>"; };
		3DE51CB42854C746004A1384 /* UIColor-Extention.swift */ = {isa = PBXFileReference; lastKnownFileType = sourcecode.swift; path = "UIColor-Extention.swift"; sourceTree = "<group>"; };
/* End PBXFileReference section */

/* Begin PBXFrameworksBuildPhase section */
		3DE51C7E2854B5B0004A1384 /* Frameworks */ = {
			isa = PBXFrameworksBuildPhase;
			buildActionMask = 2147483647;
			files = (
			);
			runOnlyForDeploymentPostprocessing = 0;
		};
		3DE51C942854B5B4004A1384 /* Frameworks */ = {
			isa = PBXFrameworksBuildPhase;
			buildActionMask = 2147483647;
			files = (
			);
			runOnlyForDeploymentPostprocessing = 0;
		};
		3DE51C9E2854B5B5004A1384 /* Frameworks */ = {
			isa = PBXFrameworksBuildPhase;
			buildActionMask = 2147483647;
			files = (
			);
			runOnlyForDeploymentPostprocessing = 0;
		};
/* End PBXFrameworksBuildPhase section */

/* Begin PBXGroup section */
		3DE51C782854B5B0004A1384 = {
			isa = PBXGroup;
			children = (
				3DE51C832854B5B0004A1384 /* LoginWithFirebaseApp */,
				3DE51C9A2854B5B5004A1384 /* LoginWithFirebaseAppTests */,
				3DE51CA42854B5B5004A1384 /* LoginWithFirebaseAppUITests */,
				3DE51C822854B5B0004A1384 /* Products */,
			);
			sourceTree = "<group>";
		};
		3DE51C822854B5B0004A1384 /* Products */ = {
			isa = PBXGroup;
			children = (
				3DE51C812854B5B0004A1384 /* LoginWithFirebaseApp.app */,
				3DE51C972854B5B4004A1384 /* LoginWithFirebaseAppTests.xctest */,
				3DE51CA12854B5B5004A1384 /* LoginWithFirebaseAppUITests.xctest */,
			);
			name = Products;
			sourceTree = "<group>";
		};
		3DE51C832854B5B0004A1384 /* LoginWithFirebaseApp */ = {
			isa = PBXGroup;
			children = (
				3DE51C842854B5B0004A1384 /* AppDelegate.swift */,
				3DE51C862854B5B0004A1384 /* SceneDelegate.swift */,
				3DE51C882854B5B0004A1384 /* ViewController.swift */,
				3DE51C8A2854B5B0004A1384 /* Main.storyboard */,
				3DE51CB42854C746004A1384 /* UIColor-Extention.swift */,
				3DE51C8D2854B5B4004A1384 /* Assets.xcassets */,
				3DE51C8F2854B5B4004A1384 /* LaunchScreen.storyboard */,
				3DE51C922854B5B4004A1384 /* Info.plist */,
			);
			path = LoginWithFirebaseApp;
			sourceTree = "<group>";
		};
		3DE51C9A2854B5B5004A1384 /* LoginWithFirebaseAppTests */ = {
			isa = PBXGroup;
			children = (
				3DE51C9B2854B5B5004A1384 /* LoginWithFirebaseAppTests.swift */,
			);
			path = LoginWithFirebaseAppTests;
			sourceTree = "<group>";
		};
		3DE51CA42854B5B5004A1384 /* LoginWithFirebaseAppUITests */ = {
			isa = PBXGroup;
			children = (
				3DE51CA52854B5B5004A1384 /* LoginWithFirebaseAppUITests.swift */,
				3DE51CA72854B5B5004A1384 /* LoginWithFirebaseAppUITestsLaunchTests.swift */,
			);
			path = LoginWithFirebaseAppUITests;
			sourceTree = "<group>";
		};
/* End PBXGroup section */

/* Begin PBXNativeTarget section */
		3DE51C802854B5B0004A1384 /* LoginWithFirebaseApp */ = {
			isa = PBXNativeTarget;
			buildConfigurationList = 3DE51CAB2854B5B5004A1384 /* Build configuration list for PBXNativeTarget "LoginWithFirebaseApp" */;
			buildPhases = (
				3DE51C7D2854B5B0004A1384 /* Sources */,
				3DE51C7E2854B5B0004A1384 /* Frameworks */,
				3DE51C7F2854B5B0004A1384 /* Resources */,
			);
			buildRules = (
			);
			dependencies = (
			);
			name = LoginWithFirebaseApp;
			productName = LoginWithFirebaseApp;
			productReference = 3DE51C812854B5B0004A1384 /* LoginWithFirebaseApp.app */;
			productType = "com.apple.product-type.application";
		};
		3DE51C962854B5B4004A1384 /* LoginWithFirebaseAppTests */ = {
			isa = PBXNativeTarget;
			buildConfigurationList = 3DE51CAE2854B5B5004A1384 /* Build configuration list for PBXNativeTarget "LoginWithFirebaseAppTests" */;
			buildPhases = (
				3DE51C932854B5B4004A1384 /* Sources */,
				3DE51C942854B5B4004A1384 /* Frameworks */,
				3DE51C952854B5B4004A1384 /* Resources */,
			);
			buildRules = (
			);
			dependencies = (
				3DE51C992854B5B4004A1384 /* PBXTargetDependency */,
			);
			name = LoginWithFirebaseAppTests;
			productName = LoginWithFirebaseAppTests;
			productReference = 3DE51C972854B5B4004A1384 /* LoginWithFirebaseAppTests.xctest */;
			productType = "com.apple.product-type.bundle.unit-test";
		};
		3DE51CA02854B5B5004A1384 /* LoginWithFirebaseAppUITests */ = {
			isa = PBXNativeTarget;
			buildConfigurationList = 3DE51CB12854B5B5004A1384 /* Build configuration list for PBXNativeTarget "LoginWithFirebaseAppUITests" */;
			buildPhases = (
				3DE51C9D2854B5B5004A1384 /* Sources */,
				3DE51C9E2854B5B5004A1384 /* Frameworks */,
				3DE51C9F2854B5B5004A1384 /* Resources */,
			);
			buildRules = (
			);
			dependencies = (
				3DE51CA32854B5B5004A1384 /* PBXTargetDependency */,
			);
			name = LoginWithFirebaseAppUITests;
			productName = LoginWithFirebaseAppUITests;
			productReference = 3DE51CA12854B5B5004A1384 /* LoginWithFirebaseAppUITests.xctest */;
			productType = "com.apple.product-type.bundle.ui-testing";
		};
/* End PBXNativeTarget section */

/* Begin PBXProject section */
		3DE51C792854B5B0004A1384 /* Project object */ = {
			isa = PBXProject;
			attributes = {
				BuildIndependentTargetsInParallel = 1;
				LastSwiftUpdateCheck = 1340;
				LastUpgradeCheck = 1340;
				TargetAttributes = {
					3DE51C802854B5B0004A1384 = {
						CreatedOnToolsVersion = 13.4;
					};
					3DE51C962854B5B4004A1384 = {
						CreatedOnToolsVersion = 13.4;
						TestTargetID = 3DE51C802854B5B0004A1384;
					};
					3DE51CA02854B5B5004A1384 = {
						CreatedOnToolsVersion = 13.4;
						TestTargetID = 3DE51C802854B5B0004A1384;
					};
				};
			};
			buildConfigurationList = 3DE51C7C2854B5B0004A1384 /* Build configuration list for PBXProject "LoginWithFirebaseApp" */;
			compatibilityVersion = "Xcode 13.0";
			developmentRegion = en;
			hasScannedForEncodings = 0;
			knownRegions = (
				en,
				Base,
			);
			mainGroup = 3DE51C782854B5B0004A1384;
			productRefGroup = 3DE51C822854B5B0004A1384 /* Products */;
			projectDirPath = "";
			projectRoot = "";
			targets = (
				3DE51C802854B5B0004A1384 /* LoginWithFirebaseApp */,
				3DE51C962854B5B4004A1384 /* LoginWithFirebaseAppTests */,
				3DE51CA02854B5B5004A1384 /* LoginWithFirebaseAppUITests */,
			);
		};
/* End PBXProject section */

/* Begin PBXResourcesBuildPhase section */
		3DE51C7F2854B5B0004A1384 /* Resources */ = {
			isa = PBXResourcesBuildPhase;
			buildActionMask = 2147483647;
			files = (
				3DE51C912854B5B4004A1384 /* LaunchScreen.storyboard in Resources */,
				3DE51C8E2854B5B4004A1384 /* Assets.xcassets in Resources */,
				3DE51C8C2854B5B0004A1384 /* Main.storyboard in Resources */,
			);
			runOnlyForDeploymentPostprocessing = 0;
		};
		3DE51C952854B5B4004A1384 /* Resources */ = {
			isa = PBXResourcesBuildPhase;
			buildActionMask = 2147483647;
			files = (
			);
			runOnlyForDeploymentPostprocessing = 0;
		};
		3DE51C9F2854B5B5004A1384 /* Resources */ = {
			isa = PBXResourcesBuildPhase;
			buildActionMask = 2147483647;
			files = (
			);
			runOnlyForDeploymentPostprocessing = 0;
		};
/* End PBXResourcesBuildPhase section */

/* Begin PBXSourcesBuildPhase section */
		3DE51C7D2854B5B0004A1384 /* Sources */ = {
			isa = PBXSourcesBuildPhase;
			buildActionMask = 2147483647;
			files = (
				3DE51C892854B5B0004A1384 /* ViewController.swift in Sources */,
				3DE51CB52854C746004A1384 /* UIColor-Extention.swift in Sources */,
				3DE51C852854B5B0004A1384 /* AppDelegate.swift in Sources */,
				3DE51C872854B5B0004A1384 /* SceneDelegate.swift in Sources */,
			);
			runOnlyForDeploymentPostprocessing = 0;
		};
		3DE51C932854B5B4004A1384 /* Sources */ = {
			isa = PBXSourcesBuildPhase;
			buildActionMask = 2147483647;
			files = (
				3DE51C9C2854B5B5004A1384 /* LoginWithFirebaseAppTests.swift in Sources */,
			);
			runOnlyForDeploymentPostprocessing = 0;
		};
		3DE51C9D2854B5B5004A1384 /* Sources */ = {
			isa = PBXSourcesBuildPhase;
			buildActionMask = 2147483647;
			files = (
				3DE51CA62854B5B5004A1384 /* LoginWithFirebaseAppUITests.swift in Sources */,
				3DE51CA82854B5B5004A1384 /* LoginWithFirebaseAppUITestsLaunchTests.swift in Sources */,
			);
			runOnlyForDeploymentPostprocessing = 0;
		};
/* End PBXSourcesBuildPhase section */

/* Begin PBXTargetDependency section */
		3DE51C992854B5B4004A1384 /* PBXTargetDependency */ = {
			isa = PBXTargetDependency;
			target = 3DE51C802854B5B0004A1384 /* LoginWithFirebaseApp */;
			targetProxy = 3DE51C982854B5B4004A1384 /* PBXContainerItemProxy */;
		};
		3DE51CA32854B5B5004A1384 /* PBXTargetDependency */ = {
			isa = PBXTargetDependency;
			target = 3DE51C802854B5B0004A1384 /* LoginWithFirebaseApp */;
			targetProxy = 3DE51CA22854B5B5004A1384 /* PBXContainerItemProxy */;
		};
/* End PBXTargetDependency section */

/* Begin PBXVariantGroup section */
		3DE51C8A2854B5B0004A1384 /* Main.storyboard */ = {
			isa = PBXVariantGroup;
			children = (
				3DE51C8B2854B5B0004A1384 /* Base */,
			);
			name = Main.storyboard;
			sourceTree = "<group>";
		};
		3DE51C8F2854B5B4004A1384 /* LaunchScreen.storyboard */ = {
			isa = PBXVariantGroup;
			children = (
				3DE51C902854B5B4004A1384 /* Base */,
			);
			name = LaunchScreen.storyboard;
			sourceTree = "<group>";
		};
/* End PBXVariantGroup section */

/* Begin XCBuildConfiguration section */
		3DE51CA92854B5B5004A1384 /* Debug */ = {
			isa = XCBuildConfiguration;
			buildSettings = {
				ALWAYS_SEARCH_USER_PATHS = NO;
				CLANG_ANALYZER_NONNULL = YES;
				CLANG_ANALYZER_NUMBER_OBJECT_CONVERSION = YES_AGGRESSIVE;
				CLANG_CXX_LANGUAGE_STANDARD = "gnu++17";
				CLANG_ENABLE_MODULES = YES;
				CLANG_ENABLE_OBJC_ARC = YES;
				CLANG_ENABLE_OBJC_WEAK = YES;
				CLANG_WARN_BLOCK_CAPTURE_AUTORELEASING = YES;
				CLANG_WARN_BOOL_CONVERSION = YES;
				CLANG_WARN_COMMA = YES;
				CLANG_WARN_CONSTANT_CONVERSION = YES;
				CLANG_WARN_DEPRECATED_OBJC_IMPLEMENTATIONS = YES;
				CLANG_WARN_DIRECT_OBJC_ISA_USAGE = YES_ERROR;
				CLANG_WARN_DOCUMENTATION_COMMENTS = YES;
				CLANG_WARN_EMPTY_BODY = YES;
				CLANG_WARN_ENUM_CONVERSION = YES;
				CLANG_WARN_INFINITE_RECURSION = YES;
				CLANG_WARN_INT_CONVERSION = YES;
				CLANG_WARN_NON_LITERAL_NULL_CONVERSION = YES;
				CLANG_WARN_OBJC_IMPLICIT_RETAIN_SELF = YES;
				CLANG_WARN_OBJC_LITERAL_CONVERSION = YES;
				CLANG_WARN_OBJC_ROOT_CLASS = YES_ERROR;
				CLANG_WARN_QUOTED_INCLUDE_IN_FRAMEWORK_HEADER = YES;
				CLANG_WARN_RANGE_LOOP_ANALYSIS = YES;
				CLANG_WARN_STRICT_PROTOTYPES = YES;
				CLANG_WARN_SUSPICIOUS_MOVE = YES;
				CLANG_WARN_UNGUARDED_AVAILABILITY = YES_AGGRESSIVE;
				CLANG_WARN_UNREACHABLE_CODE = YES;
				CLANG_WARN__DUPLICATE_METHOD_MATCH = YES;
				COPY_PHASE_STRIP = NO;
				DEBUG_INFORMATION_FORMAT = dwarf;
				ENABLE_STRICT_OBJC_MSGSEND = YES;
				ENABLE_TESTABILITY = YES;
				GCC_C_LANGUAGE_STANDARD = gnu11;
				GCC_DYNAMIC_NO_PIC = NO;
				GCC_NO_COMMON_BLOCKS = YES;
				GCC_OPTIMIZATION_LEVEL = 0;
				GCC_PREPROCESSOR_DEFINITIONS = (
					"DEBUG=1",
					"$(inherited)",
				);
				GCC_WARN_64_TO_32_BIT_CONVERSION = YES;
				GCC_WARN_ABOUT_RETURN_TYPE = YES_ERROR;
				GCC_WARN_UNDECLARED_SELECTOR = YES;
				GCC_WARN_UNINITIALIZED_AUTOS = YES_AGGRESSIVE;
				GCC_WARN_UNUSED_FUNCTION = YES;
				GCC_WARN_UNUSED_VARIABLE = YES;
				IPHONEOS_DEPLOYMENT_TARGET = 15.5;
				MTL_ENABLE_DEBUG_INFO = INCLUDE_SOURCE;
				MTL_FAST_MATH = YES;
				ONLY_ACTIVE_ARCH = YES;
				SDKROOT = iphoneos;
				SWIFT_ACTIVE_COMPILATION_CONDITIONS = DEBUG;
				SWIFT_OPTIMIZATION_LEVEL = "-Onone";
			};
			name = Debug;
		};
		3DE51CAA2854B5B5004A1384 /* Release */ = {
			isa = XCBuildConfiguration;
			buildSettings = {
				ALWAYS_SEARCH_USER_PATHS = NO;
				CLANG_ANALYZER_NONNULL = YES;
				CLANG_ANALYZER_NUMBER_OBJECT_CONVERSION = YES_AGGRESSIVE;
				CLANG_CXX_LANGUAGE_STANDARD = "gnu++17";
				CLANG_ENABLE_MODULES = YES;
				CLANG_ENABLE_OBJC_ARC = YES;
				CLANG_ENABLE_OBJC_WEAK = YES;
				CLANG_WARN_BLOCK_CAPTURE_AUTORELEASING = YES;
				CLANG_WARN_BOOL_CONVERSION = YES;
				CLANG_WARN_COMMA = YES;
				CLANG_WARN_CONSTANT_CONVERSION = YES;
				CLANG_WARN_DEPRECATED_OBJC_IMPLEMENTATIONS = YES;
				CLANG_WARN_DIRECT_OBJC_ISA_USAGE = YES_ERROR;
				CLANG_WARN_DOCUMENTATION_COMMENTS = YES;
				CLANG_WARN_EMPTY_BODY = YES;
				CLANG_WARN_ENUM_CONVERSION = YES;
				CLANG_WARN_INFINITE_RECURSION = YES;
				CLANG_WARN_INT_CONVERSION = YES;
				CLANG_WARN_NON_LITERAL_NULL_CONVERSION = YES;
				CLANG_WARN_OBJC_IMPLICIT_RETAIN_SELF = YES;
				CLANG_WARN_OBJC_LITERAL_CONVERSION = YES;
				CLANG_WARN_OBJC_ROOT_CLASS = YES_ERROR;
				CLANG_WARN_QUOTED_INCLUDE_IN_FRAMEWORK_HEADER = YES;
				CLANG_WARN_RANGE_LOOP_ANALYSIS = YES;
				CLANG_WARN_STRICT_PROTOTYPES = YES;
				CLANG_WARN_SUSPICIOUS_MOVE = YES;
				CLANG_WARN_UNGUARDED_AVAILABILITY = YES_AGGRESSIVE;
				CLANG_WARN_UNREACHABLE_CODE = YES;
				CLANG_WARN__DUPLICATE_METHOD_MATCH = YES;
				COPY_PHASE_STRIP = NO;
				DEBUG_INFORMATION_FORMAT = "dwarf-with-dsym";
				ENABLE_NS_ASSERTIONS = NO;
				ENABLE_STRICT_OBJC_MSGSEND = YES;
				GCC_C_LANGUAGE_STANDARD = gnu11;
				GCC_NO_COMMON_BLOCKS = YES;
				GCC_WARN_64_TO_32_BIT_CONVERSION = YES;
				GCC_WARN_ABOUT_RETURN_TYPE = YES_ERROR;
				GCC_WARN_UNDECLARED_SELECTOR = YES;
				GCC_WARN_UNINITIALIZED_AUTOS = YES_AGGRESSIVE;
				GCC_WARN_UNUSED_FUNCTION = YES;
				GCC_WARN_UNUSED_VARIABLE = YES;
				IPHONEOS_DEPLOYMENT_TARGET = 15.5;
				MTL_ENABLE_DEBUG_INFO = NO;
				MTL_FAST_MATH = YES;
				SDKROOT = iphoneos;
				SWIFT_COMPILATION_MODE = wholemodule;
				SWIFT_OPTIMIZATION_LEVEL = "-O";
				VALIDATE_PRODUCT = YES;
			};
			name = Release;
		};
		3DE51CAC2854B5B5004A1384 /* Debug */ = {
			isa = XCBuildConfiguration;
			buildSettings = {
				ASSETCATALOG_COMPILER_APPICON_NAME = AppIcon;
				ASSETCATALOG_COMPILER_GLOBAL_ACCENT_COLOR_NAME = AccentColor;
				CODE_SIGN_STYLE = Automatic;
				CURRENT_PROJECT_VERSION = 1;
				DEVELOPMENT_TEAM = 6XX74PYL69;
				GENERATE_INFOPLIST_FILE = YES;
				INFOPLIST_FILE = LoginWithFirebaseApp/Info.plist;
				INFOPLIST_KEY_UIApplicationSupportsIndirectInputEvents = YES;
				INFOPLIST_KEY_UILaunchStoryboardName = LaunchScreen;
				INFOPLIST_KEY_UIMainStoryboardFile = Main;
				INFOPLIST_KEY_UISupportedInterfaceOrientations_iPad = "UIInterfaceOrientationPortrait UIInterfaceOrientationPortraitUpsideDown UIInterfaceOrientationLandscapeLeft UIInterfaceOrientationLandscapeRight";
				INFOPLIST_KEY_UISupportedInterfaceOrientations_iPhone = "UIInterfaceOrientationPortrait UIInterfaceOrientationLandscapeLeft UIInterfaceOrientationLandscapeRight";
				LD_RUNPATH_SEARCH_PATHS = (
					"$(inherited)",
					"@executable_path/Frameworks",
				);
				MARKETING_VERSION = 1.0;
				PRODUCT_BUNDLE_IDENTIFIER = com.Stakaki.LoginWithFirebaseApp;
				PRODUCT_NAME = "$(TARGET_NAME)";
				SWIFT_EMIT_LOC_STRINGS = YES;
				SWIFT_VERSION = 5.0;
				TARGETED_DEVICE_FAMILY = "1,2";
			};
			name = Debug;
		};
		3DE51CAD2854B5B5004A1384 /* Release */ = {
			isa = XCBuildConfiguration;
			buildSettings = {
				ASSETCATALOG_COMPILER_APPICON_NAME = AppIcon;
				ASSETCATALOG_COMPILER_GLOBAL_ACCENT_COLOR_NAME = AccentColor;
				CODE_SIGN_STYLE = Automatic;
				CURRENT_PROJECT_VERSION = 1;
				DEVELOPMENT_TEAM = 6XX74PYL69;
				GENERATE_INFOPLIST_FILE = YES;
				INFOPLIST_FILE = LoginWithFirebaseApp/Info.plist;
				INFOPLIST_KEY_UIApplicationSupportsIndirectInputEvents = YES;
				INFOPLIST_KEY_UILaunchStoryboardName = LaunchScreen;
				INFOPLIST_KEY_UIMainStoryboardFile = Main;
				INFOPLIST_KEY_UISupportedInterfaceOrientations_iPad = "UIInterfaceOrientationPortrait UIInterfaceOrientationPortraitUpsideDown UIInterfaceOrientationLandscapeLeft UIInterfaceOrientationLandscapeRight";
				INFOPLIST_KEY_UISupportedInterfaceOrientations_iPhone = "UIInterfaceOrientationPortrait UIInterfaceOrientationLandscapeLeft UIInterfaceOrientationLandscapeRight";
				LD_RUNPATH_SEARCH_PATHS = (
					"$(inherited)",
					"@executable_path/Frameworks",
				);
				MARKETING_VERSION = 1.0;
				PRODUCT_BUNDLE_IDENTIFIER = com.Stakaki.LoginWithFirebaseApp;
				PRODUCT_NAME = "$(TARGET_NAME)";
				SWIFT_EMIT_LOC_STRINGS = YES;
				SWIFT_VERSION = 5.0;
				TARGETED_DEVICE_FAMILY = "1,2";
			};
			name = Release;
		};
		3DE51CAF2854B5B5004A1384 /* Debug */ = {
			isa = XCBuildConfiguration;
			buildSettings = {
				ALWAYS_EMBED_SWIFT_STANDARD_LIBRARIES = YES;
				BUNDLE_LOADER = "$(TEST_HOST)";
				CODE_SIGN_STYLE = Automatic;
				CURRENT_PROJECT_VERSION = 1;
				DEVELOPMENT_TEAM = 6XX74PYL69;
				GENERATE_INFOPLIST_FILE = YES;
				IPHONEOS_DEPLOYMENT_TARGET = 15.5;
				MARKETING_VERSION = 1.0;
				PRODUCT_BUNDLE_IDENTIFIER = com.Stakaki.LoginWithFirebaseAppTests;
				PRODUCT_NAME = "$(TARGET_NAME)";
				SWIFT_EMIT_LOC_STRINGS = NO;
				SWIFT_VERSION = 5.0;
				TARGETED_DEVICE_FAMILY = "1,2";
				TEST_HOST = "$(BUILT_PRODUCTS_DIR)/LoginWithFirebaseApp.app/LoginWithFirebaseApp";
			};
			name = Debug;
		};
		3DE51CB02854B5B5004A1384 /* Release */ = {
			isa = XCBuildConfiguration;
			buildSettings = {
				ALWAYS_EMBED_SWIFT_STANDARD_LIBRARIES = YES;
				BUNDLE_LOADER = "$(TEST_HOST)";
				CODE_SIGN_STYLE = Automatic;
				CURRENT_PROJECT_VERSION = 1;
				DEVELOPMENT_TEAM = 6XX74PYL69;
				GENERATE_INFOPLIST_FILE = YES;
				IPHONEOS_DEPLOYMENT_TARGET = 15.5;
				MARKETING_VERSION = 1.0;
				PRODUCT_BUNDLE_IDENTIFIER = com.Stakaki.LoginWithFirebaseAppTests;
				PRODUCT_NAME = "$(TARGET_NAME)";
				SWIFT_EMIT_LOC_STRINGS = NO;
				SWIFT_VERSION = 5.0;
				TARGETED_DEVICE_FAMILY = "1,2";
				TEST_HOST = "$(BUILT_PRODUCTS_DIR)/LoginWithFirebaseApp.app/LoginWithFirebaseApp";
			};
			name = Release;
		};
		3DE51CB22854B5B5004A1384 /* Debug */ = {
			isa = XCBuildConfiguration;
			buildSettings = {
				ALWAYS_EMBED_SWIFT_STANDARD_LIBRARIES = YES;
				CODE_SIGN_STYLE = Automatic;
				CURRENT_PROJECT_VERSION = 1;
				DEVELOPMENT_TEAM = 6XX74PYL69;
				GENERATE_INFOPLIST_FILE = YES;
				MARKETING_VERSION = 1.0;
				PRODUCT_BUNDLE_IDENTIFIER = com.Stakaki.LoginWithFirebaseAppUITests;
				PRODUCT_NAME = "$(TARGET_NAME)";
				SWIFT_EMIT_LOC_STRINGS = NO;
				SWIFT_VERSION = 5.0;
				TARGETED_DEVICE_FAMILY = "1,2";
				TEST_TARGET_NAME = LoginWithFirebaseApp;
			};
			name = Debug;
		};
		3DE51CB32854B5B5004A1384 /* Release */ = {
			isa = XCBuildConfiguration;
			buildSettings = {
				ALWAYS_EMBED_SWIFT_STANDARD_LIBRARIES = YES;
				CODE_SIGN_STYLE = Automatic;
				CURRENT_PROJECT_VERSION = 1;
				DEVELOPMENT_TEAM = 6XX74PYL69;
				GENERATE_INFOPLIST_FILE = YES;
				MARKETING_VERSION = 1.0;
				PRODUCT_BUNDLE_IDENTIFIER = com.Stakaki.LoginWithFirebaseAppUITests;
				PRODUCT_NAME = "$(TARGET_NAME)";
				SWIFT_EMIT_LOC_STRINGS = NO;
				SWIFT_VERSION = 5.0;
				TARGETED_DEVICE_FAMILY = "1,2";
				TEST_TARGET_NAME = LoginWithFirebaseApp;
			};
			name = Release;
		};
/* End XCBuildConfiguration section */

/* Begin XCConfigurationList section */
		3DE51C7C2854B5B0004A1384 /* Build configuration list for PBXProject "LoginWithFirebaseApp" */ = {
			isa = XCConfigurationList;
			buildConfigurations = (
				3DE51CA92854B5B5004A1384 /* Debug */,
				3DE51CAA2854B5B5004A1384 /* Release */,
			);
			defaultConfigurationIsVisible = 0;
			defaultConfigurationName = Release;
		};
		3DE51CAB2854B5B5004A1384 /* Build configuration list for PBXNativeTarget "LoginWithFirebaseApp" */ = {
			isa = XCConfigurationList;
			buildConfigurations = (
				3DE51CAC2854B5B5004A1384 /* Debug */,
				3DE51CAD2854B5B5004A1384 /* Release */,
			);
			defaultConfigurationIsVisible = 0;
			defaultConfigurationName = Release;
		};
		3DE51CAE2854B5B5004A1384 /* Build configuration list for PBXNativeTarget "LoginWithFirebaseAppTests" */ = {
			isa = XCConfigurationList;
			buildConfigurations = (
				3DE51CAF2854B5B5004A1384 /* Debug */,
				3DE51CB02854B5B5004A1384 /* Release */,
			);
			defaultConfigurationIsVisible = 0;
			defaultConfigurationName = Release;
		};
		3DE51CB12854B5B5004A1384 /* Build configuration list for PBXNativeTarget "LoginWithFirebaseAppUITests" */ = {
			isa = XCConfigurationList;
			buildConfigurations = (
				3DE51CB22854B5B5004A1384 /* Debug */,
				3DE51CB32854B5B5004A1384 /* Release */,
			);
			defaultConfigurationIsVisible = 0;
			defaultConfigurationName = Release;
		};
/* End XCConfigurationList section */
	};
	rootObject = 3DE51C792854B5B0004A1384 /* Project object */;
}
